
Microsoft Visual Studio Solution File, Format Version 12.00
# Visual Studio Version 17
VisualStudioVersion = 17.13.35806.99
MinimumVisualStudioVersion = 10.0.40219.1
Project("{FAE04EC0-301F-11D3-BF4B-00C04F79EFBC}") = "PresentationLayer", "PresentationLayer\PresentationLayer.csproj", "{E4A40438-1EC8-4698-A030-54E3BE8F29DF}"
EndProject
Project("{FAE04EC0-301F-11D3-BF4B-00C04F79EFBC}") = "DataTranfer", "DataTranfer\DataTranfer.csproj", "{E6C3897B-3153-4619-95DC-564CEE995553}"
EndProject
Project("{FAE04EC0-301F-11D3-BF4B-00C04F79EFBC}") = "BusinessLayer", "BusinessLayer\BusinessLayer.csproj", "{F379423C-9DE8-44D3-81BA-2AE7047537FA}"
EndProject
Project("{FAE04EC0-301F-11D3-BF4B-00C04F79EFBC}") = "DataLayer", "DataLayer\DataLayer.csproj", "{C6DAE382-746B-4491-860F-B5CDC92E5442}"
EndProject
Project("{2150E333-8FDC-42A3-9474-1A3956D46DE8}") = "SQL", "SQL", "{02EA681E-C7D8-13C7-8484-4AC65E1B71E8}"
	ProjectSection(SolutionItems) = preProject
		init_database.sql = init_database.sql
	EndProjectSection
EndProject
Global
	GlobalSection(SolutionConfigurationPlatforms) = preSolution
		Debug|Any CPU = Debug|Any CPU
		Release|Any CPU = Release|Any CPU
	EndGlobalSection
	GlobalSection(ProjectConfigurationPlatforms) = postSolution
		{E4A40438-1EC8-4698-A030-54E3BE8F29DF}.Debug|Any CPU.ActiveCfg = Debug|Any CPU
		{E4A40438-1EC8-4698-A030-54E3BE8F29DF}.Debug|Any CPU.Build.0 = Debug|Any CPU
		{E4A40438-1EC8-4698-A030-54E3BE8F29DF}.Release|Any CPU.ActiveCfg = Release|Any CPU
		{E4A40438-1EC8-4698-A030-54E3BE8F29DF}.Release|Any CPU.Build.0 = Release|Any CPU
		{E6C3897B-3153-4619-95DC-564CEE995553}.Debug|Any CPU.ActiveCfg = Debug|Any CPU
		{E6C3897B-3153-4619-95DC-564CEE995553}.Debug|Any CPU.Build.0 = Debug|Any CPU
		{E6C3897B-3153-4619-95DC-564CEE995553}.Release|Any CPU.ActiveCfg = Release|Any CPU
		{E6C3897B-3153-4619-95DC-564CEE995553}.Release|Any CPU.Build.0 = Release|Any CPU
		{F379423C-9DE8-44D3-81BA-2AE7047537FA}.Debug|Any CPU.ActiveCfg = Debug|Any CPU
		{F379423C-9DE8-44D3-81BA-2AE7047537FA}.Debug|Any CPU.Build.0 = Debug|Any CPU
		{F379423C-9DE8-44D3-81BA-2AE7047537FA}.Release|Any CPU.ActiveCfg = Release|Any CPU
		{F379423C-9DE8-44D3-81BA-2AE7047537FA}.Release|Any CPU.Build.0 = Release|Any CPU
		{C6DAE382-746B-4491-860F-B5CDC92E5442}.Debug|Any CPU.ActiveCfg = Debug|Any CPU
		{C6DAE382-746B-4491-860F-B5CDC92E5442}.Debug|Any CPU.Build.0 = Debug|Any CPU
		{C6DAE382-746B-4491-860F-B5CDC92E5442}.Release|Any CPU.ActiveCfg = Release|Any CPU
		{C6DAE382-746B-4491-860F-B5CDC92E5442}.Release|Any CPU.Build.0 = Release|Any CPU
	EndGlobalSection
	GlobalSection(SolutionProperties) = preSolution
		HideSolutionNode = FALSE
	EndGlobalSection
	GlobalSection(ExtensibilityGlobals) = postSolution
		SolutionGuid = {98C87505-CCFA-4DCA-92F3-3C30BB245B1C}
	EndGlobalSection
EndGlobal
